// !$*UTF8*$!
{
	archiveVersion = 1;
	classes = {
	};
	objectVersion = 46;
	objects = {

/* Begin PBXBuildFile section */
		154ED8CD1DDFC5C800B9A71B /* FirebaseApi.swift in Sources */ = {isa = PBXBuildFile; fileRef = 154ED8CC1DDFC5C800B9A71B /* FirebaseApi.swift */; };
		154ED8CF1DDFC9C600B9A71B /* User.swift in Sources */ = {isa = PBXBuildFile; fileRef = 154ED8CE1DDFC9C600B9A71B /* User.swift */; };
		154ED8D11DDFCEB300B9A71B /* Deal.swift in Sources */ = {isa = PBXBuildFile; fileRef = 154ED8D01DDFCEB300B9A71B /* Deal.swift */; };
		154ED8D31DDFCFBB00B9A71B /* Feedback.swift in Sources */ = {isa = PBXBuildFile; fileRef = 154ED8D21DDFCFBB00B9A71B /* Feedback.swift */; };
		154ED8D51DDFD03700B9A71B /* ActivityEntry.swift in Sources */ = {isa = PBXBuildFile; fileRef = 154ED8D41DDFD03700B9A71B /* ActivityEntry.swift */; };
		156FE85D1DC5558200E75CF8 /* AppDelegate.swift in Sources */ = {isa = PBXBuildFile; fileRef = 156FE85C1DC5558200E75CF8 /* AppDelegate.swift */; };
		156FE85F1DC5558200E75CF8 /* ViewController.swift in Sources */ = {isa = PBXBuildFile; fileRef = 156FE85E1DC5558200E75CF8 /* ViewController.swift */; };
		156FE8621DC5558200E75CF8 /* Main.storyboard in Resources */ = {isa = PBXBuildFile; fileRef = 156FE8601DC5558200E75CF8 /* Main.storyboard */; };
		156FE8641DC5558200E75CF8 /* Assets.xcassets in Resources */ = {isa = PBXBuildFile; fileRef = 156FE8631DC5558200E75CF8 /* Assets.xcassets */; };
		156FE8671DC5558200E75CF8 /* LaunchScreen.storyboard in Resources */ = {isa = PBXBuildFile; fileRef = 156FE8651DC5558200E75CF8 /* LaunchScreen.storyboard */; };
		15E928521DDAD5570088585F /* GoogleService-Info.plist in Resources */ = {isa = PBXBuildFile; fileRef = 15E928511DDAD5570088585F /* GoogleService-Info.plist */; };
		5FF7BEA7FCD04109F155DC48 /* Pods_esca.framework in Frameworks */ = {isa = PBXBuildFile; fileRef = C8E17E434369C0A93488D603 /* Pods_esca.framework */; };
/* End PBXBuildFile section */

/* Begin PBXFileReference section */
		154ED8CC1DDFC5C800B9A71B /* FirebaseApi.swift */ = {isa = PBXFileReference; fileEncoding = 4; lastKnownFileType = sourcecode.swift; path = FirebaseApi.swift; sourceTree = "<group>"; };
		154ED8CE1DDFC9C600B9A71B /* User.swift */ = {isa = PBXFileReference; fileEncoding = 4; lastKnownFileType = sourcecode.swift; path = User.swift; sourceTree = "<group>"; };
		154ED8D01DDFCEB300B9A71B /* Deal.swift */ = {isa = PBXFileReference; fileEncoding = 4; lastKnownFileType = sourcecode.swift; path = Deal.swift; sourceTree = "<group>"; };
		154ED8D21DDFCFBB00B9A71B /* Feedback.swift */ = {isa = PBXFileReference; fileEncoding = 4; lastKnownFileType = sourcecode.swift; path = Feedback.swift; sourceTree = "<group>"; };
		154ED8D41DDFD03700B9A71B /* ActivityEntry.swift */ = {isa = PBXFileReference; fileEncoding = 4; lastKnownFileType = sourcecode.swift; path = ActivityEntry.swift; sourceTree = "<group>"; };
		156FE8591DC5558100E75CF8 /* esca.app */ = {isa = PBXFileReference; explicitFileType = wrapper.application; includeInIndex = 0; path = esca.app; sourceTree = BUILT_PRODUCTS_DIR; };
		156FE85C1DC5558200E75CF8 /* AppDelegate.swift */ = {isa = PBXFileReference; lastKnownFileType = sourcecode.swift; path = AppDelegate.swift; sourceTree = "<group>"; };
		156FE85E1DC5558200E75CF8 /* ViewController.swift */ = {isa = PBXFileReference; lastKnownFileType = sourcecode.swift; path = ViewController.swift; sourceTree = "<group>"; };
		156FE8611DC5558200E75CF8 /* Base */ = {isa = PBXFileReference; lastKnownFileType = file.storyboard; name = Base; path = Base.lproj/Main.storyboard; sourceTree = "<group>"; };
		156FE8631DC5558200E75CF8 /* Assets.xcassets */ = {isa = PBXFileReference; lastKnownFileType = folder.assetcatalog; path = Assets.xcassets; sourceTree = "<group>"; };
		156FE8661DC5558200E75CF8 /* Base */ = {isa = PBXFileReference; lastKnownFileType = file.storyboard; name = Base; path = Base.lproj/LaunchScreen.storyboard; sourceTree = "<group>"; };
		156FE8681DC5558200E75CF8 /* Info.plist */ = {isa = PBXFileReference; lastKnownFileType = text.plist.xml; path = Info.plist; sourceTree = "<group>"; };
		15E928511DDAD5570088585F /* GoogleService-Info.plist */ = {isa = PBXFileReference; fileEncoding = 4; lastKnownFileType = text.plist.xml; path = "GoogleService-Info.plist"; sourceTree = "<group>"; };
		15E928541DDAE9070088585F /* esca.entitlements */ = {isa = PBXFileReference; lastKnownFileType = text.plist.entitlements; path = esca.entitlements; sourceTree = "<group>"; };
		1C634A66D4F561961B8020FD /* Pods-esca.debug.xcconfig */ = {isa = PBXFileReference; includeInIndex = 1; lastKnownFileType = text.xcconfig; name = "Pods-esca.debug.xcconfig"; path = "Pods/Target Support Files/Pods-esca/Pods-esca.debug.xcconfig"; sourceTree = "<group>"; };
		9E137C7EB05C51EEC840B52F /* Pods-esca.release.xcconfig */ = {isa = PBXFileReference; includeInIndex = 1; lastKnownFileType = text.xcconfig; name = "Pods-esca.release.xcconfig"; path = "Pods/Target Support Files/Pods-esca/Pods-esca.release.xcconfig"; sourceTree = "<group>"; };
		C8E17E434369C0A93488D603 /* Pods_esca.framework */ = {isa = PBXFileReference; explicitFileType = wrapper.framework; includeInIndex = 0; path = Pods_esca.framework; sourceTree = BUILT_PRODUCTS_DIR; };
/* End PBXFileReference section */

/* Begin PBXFrameworksBuildPhase section */
		156FE8561DC5558100E75CF8 /* Frameworks */ = {
			isa = PBXFrameworksBuildPhase;
			buildActionMask = 2147483647;
			files = (
				5FF7BEA7FCD04109F155DC48 /* Pods_esca.framework in Frameworks */,
			);
			runOnlyForDeploymentPostprocessing = 0;
		};
/* End PBXFrameworksBuildPhase section */

/* Begin PBXGroup section */
		0F7F28836FF2C90198954006 /* Pods */ = {
			isa = PBXGroup;
			children = (
				1C634A66D4F561961B8020FD /* Pods-esca.debug.xcconfig */,
				9E137C7EB05C51EEC840B52F /* Pods-esca.release.xcconfig */,
			);
			name = Pods;
			sourceTree = "<group>";
		};
		156FE8501DC5558100E75CF8 = {
			isa = PBXGroup;
			children = (
				156FE85B1DC5558100E75CF8 /* esca */,
				156FE85A1DC5558100E75CF8 /* Products */,
				0F7F28836FF2C90198954006 /* Pods */,
				764393559E68288D1354D84D /* Frameworks */,
			);
			sourceTree = "<group>";
		};
		156FE85A1DC5558100E75CF8 /* Products */ = {
			isa = PBXGroup;
			children = (
				156FE8591DC5558100E75CF8 /* esca.app */,
			);
			name = Products;
			sourceTree = "<group>";
		};
		156FE85B1DC5558100E75CF8 /* esca */ = {
			isa = PBXGroup;
			children = (
				15E928541DDAE9070088585F /* esca.entitlements */,
				15E928511DDAD5570088585F /* GoogleService-Info.plist */,
				156FE85C1DC5558200E75CF8 /* AppDelegate.swift */,
				156FE85E1DC5558200E75CF8 /* ViewController.swift */,
				156FE8601DC5558200E75CF8 /* Main.storyboard */,
				156FE8631DC5558200E75CF8 /* Assets.xcassets */,
				156FE8651DC5558200E75CF8 /* LaunchScreen.storyboard */,
				156FE8681DC5558200E75CF8 /* Info.plist */,
				154ED8CC1DDFC5C800B9A71B /* FirebaseApi.swift */,
				154ED8CE1DDFC9C600B9A71B /* User.swift */,
				154ED8D01DDFCEB300B9A71B /* Deal.swift */,
				154ED8D21DDFCFBB00B9A71B /* Feedback.swift */,
				154ED8D41DDFD03700B9A71B /* ActivityEntry.swift */,
			);
			path = esca;
			sourceTree = "<group>";
		};
		764393559E68288D1354D84D /* Frameworks */ = {
			isa = PBXGroup;
			children = (
				C8E17E434369C0A93488D603 /* Pods_esca.framework */,
			);
			name = Frameworks;
			sourceTree = "<group>";
		};
/* End PBXGroup section */

/* Begin PBXNativeTarget section */
		156FE8581DC5558100E75CF8 /* esca */ = {
			isa = PBXNativeTarget;
			buildConfigurationList = 156FE86B1DC5558200E75CF8 /* Build configuration list for PBXNativeTarget "esca" */;
			buildPhases = (
				293D7D9FBF04C65258962EA5 /* [CP] Check Pods Manifest.lock */,
				156FE8551DC5558100E75CF8 /* Sources */,
				156FE8561DC5558100E75CF8 /* Frameworks */,
				156FE8571DC5558100E75CF8 /* Resources */,
				C8D01ECA80B2887EC591A660 /* [CP] Embed Pods Frameworks */,
				AFF76775E28DDD4BD977D292 /* [CP] Copy Pods Resources */,
			);
			buildRules = (
			);
			dependencies = (
			);
			name = esca;
			productName = esca;
			productReference = 156FE8591DC5558100E75CF8 /* esca.app */;
			productType = "com.apple.product-type.application";
		};
/* End PBXNativeTarget section */

/* Begin PBXProject section */
		156FE8511DC5558100E75CF8 /* Project object */ = {
			isa = PBXProject;
			attributes = {
				LastSwiftUpdateCheck = 0810;
				LastUpgradeCheck = 0810;
				TargetAttributes = {
					156FE8581DC5558100E75CF8 = {
						CreatedOnToolsVersion = 8.1;
						DevelopmentTeam = RKXT8ZV897;
						ProvisioningStyle = Automatic;
						SystemCapabilities = {
							com.apple.Keychain = {
								enabled = 1;
							};
						};
					};
				};
			};
			buildConfigurationList = 156FE8541DC5558100E75CF8 /* Build configuration list for PBXProject "esca" */;
			compatibilityVersion = "Xcode 3.2";
			developmentRegion = English;
			hasScannedForEncodings = 0;
			knownRegions = (
				en,
				Base,
			);
			mainGroup = 156FE8501DC5558100E75CF8;
			productRefGroup = 156FE85A1DC5558100E75CF8 /* Products */;
			projectDirPath = "";
			projectRoot = "";
			targets = (
				156FE8581DC5558100E75CF8 /* esca */,
			);
		};
/* End PBXProject section */

/* Begin PBXResourcesBuildPhase section */
		156FE8571DC5558100E75CF8 /* Resources */ = {
			isa = PBXResourcesBuildPhase;
			buildActionMask = 2147483647;
			files = (
				156FE8671DC5558200E75CF8 /* LaunchScreen.storyboard in Resources */,
				15E928521DDAD5570088585F /* GoogleService-Info.plist in Resources */,
				156FE8641DC5558200E75CF8 /* Assets.xcassets in Resources */,
				156FE8621DC5558200E75CF8 /* Main.storyboard in Resources */,
			);
			runOnlyForDeploymentPostprocessing = 0;
		};
/* End PBXResourcesBuildPhase section */

/* Begin PBXShellScriptBuildPhase section */
		293D7D9FBF04C65258962EA5 /* [CP] Check Pods Manifest.lock */ = {
			isa = PBXShellScriptBuildPhase;
			buildActionMask = 2147483647;
			files = (
			);
			inputPaths = (
			);
			name = "[CP] Check Pods Manifest.lock";
			outputPaths = (
			);
			runOnlyForDeploymentPostprocessing = 0;
			shellPath = /bin/sh;
			shellScript = "diff \"${PODS_ROOT}/../Podfile.lock\" \"${PODS_ROOT}/Manifest.lock\" > /dev/null\nif [ $? != 0 ] ; then\n    # print error to STDERR\n    echo \"error: The sandbox is not in sync with the Podfile.lock. Run 'pod install' or update your CocoaPods installation.\" >&2\n    exit 1\nfi\n";
			showEnvVarsInLog = 0;
		};
		AFF76775E28DDD4BD977D292 /* [CP] Copy Pods Resources */ = {
			isa = PBXShellScriptBuildPhase;
			buildActionMask = 2147483647;
			files = (
			);
			inputPaths = (
			);
			name = "[CP] Copy Pods Resources";
			outputPaths = (
			);
			runOnlyForDeploymentPostprocessing = 0;
			shellPath = /bin/sh;
			shellScript = "\"${SRCROOT}/Pods/Target Support Files/Pods-esca/Pods-esca-resources.sh\"\n";
			showEnvVarsInLog = 0;
		};
		C8D01ECA80B2887EC591A660 /* [CP] Embed Pods Frameworks */ = {
			isa = PBXShellScriptBuildPhase;
			buildActionMask = 2147483647;
			files = (
			);
			inputPaths = (
			);
			name = "[CP] Embed Pods Frameworks";
			outputPaths = (
			);
			runOnlyForDeploymentPostprocessing = 0;
			shellPath = /bin/sh;
			shellScript = "\"${SRCROOT}/Pods/Target Support Files/Pods-esca/Pods-esca-frameworks.sh\"\n";
			showEnvVarsInLog = 0;
		};
/* End PBXShellScriptBuildPhase section */

/* Begin PBXSourcesBuildPhase section */
		156FE8551DC5558100E75CF8 /* Sources */ = {
			isa = PBXSourcesBuildPhase;
			buildActionMask = 2147483647;
			files = (
				154ED8D51DDFD03700B9A71B /* ActivityEntry.swift in Sources */,
				154ED8CF1DDFC9C600B9A71B /* User.swift in Sources */,
				154ED8CD1DDFC5C800B9A71B /* FirebaseApi.swift in Sources */,
				154ED8D31DDFCFBB00B9A71B /* Feedback.swift in Sources */,
				154ED8D11DDFCEB300B9A71B /* Deal.swift in Sources */,
				156FE85F1DC5558200E75CF8 /* ViewController.swift in Sources */,
				156FE85D1DC5558200E75CF8 /* AppDelegate.swift in Sources */,
			);
			runOnlyForDeploymentPostprocessing = 0;
		};
/* End PBXSourcesBuildPhase section */

/* Begin PBXVariantGroup section */
		156FE8601DC5558200E75CF8 /* Main.storyboard */ = {
			isa = PBXVariantGroup;
			children = (
				156FE8611DC5558200E75CF8 /* Base */,
			);
			name = Main.storyboard;
			sourceTree = "<group>";
		};
		156FE8651DC5558200E75CF8 /* LaunchScreen.storyboard */ = {
			isa = PBXVariantGroup;
			children = (
				156FE8661DC5558200E75CF8 /* Base */,
			);
			name = LaunchScreen.storyboard;
			sourceTree = "<group>";
		};
/* End PBXVariantGroup section */

/* Begin XCBuildConfiguration section */
		156FE8691DC5558200E75CF8 /* Debug */ = {
			isa = XCBuildConfiguration;
			buildSettings = {
				ALWAYS_SEARCH_USER_PATHS = NO;
				CLANG_ANALYZER_NONNULL = YES;
				CLANG_CXX_LANGUAGE_STANDARD = "gnu++0x";
				CLANG_CXX_LIBRARY = "libc++";
				CLANG_ENABLE_MODULES = YES;
				CLANG_ENABLE_OBJC_ARC = YES;
				CLANG_WARN_BOOL_CONVERSION = YES;
				CLANG_WARN_CONSTANT_CONVERSION = YES;
				CLANG_WARN_DIRECT_OBJC_ISA_USAGE = YES_ERROR;
				CLANG_WARN_DOCUMENTATION_COMMENTS = YES;
				CLANG_WARN_EMPTY_BODY = YES;
				CLANG_WARN_ENUM_CONVERSION = YES;
				CLANG_WARN_INFINITE_RECURSION = YES;
				CLANG_WARN_INT_CONVERSION = YES;
				CLANG_WARN_OBJC_ROOT_CLASS = YES_ERROR;
				CLANG_WARN_SUSPICIOUS_MOVE = YES;
				CLANG_WARN_SUSPICIOUS_MOVES = YES;
				CLANG_WARN_UNREACHABLE_CODE = YES;
				CLANG_WARN__DUPLICATE_METHOD_MATCH = YES;
				"CODE_SIGN_IDENTITY[sdk=iphoneos*]" = "iPhone Developer";
				COPY_PHASE_STRIP = NO;
				DEBUG_INFORMATION_FORMAT = dwarf;
				ENABLE_STRICT_OBJC_MSGSEND = YES;
				ENABLE_TESTABILITY = YES;
				GCC_C_LANGUAGE_STANDARD = gnu99;
				GCC_DYNAMIC_NO_PIC = NO;
				GCC_NO_COMMON_BLOCKS = YES;
				GCC_OPTIMIZATION_LEVEL = 0;
				GCC_PREPROCESSOR_DEFINITIONS = (
					"DEBUG=1",
					"$(inherited)",
				);
				GCC_WARN_64_TO_32_BIT_CONVERSION = YES;
				GCC_WARN_ABOUT_RETURN_TYPE = YES_ERROR;
				GCC_WARN_UNDECLARED_SELECTOR = YES;
				GCC_WARN_UNINITIALIZED_AUTOS = YES_AGGRESSIVE;
				GCC_WARN_UNUSED_FUNCTION = YES;
				GCC_WARN_UNUSED_VARIABLE = YES;
				IPHONEOS_DEPLOYMENT_TARGET = 10.1;
				MTL_ENABLE_DEBUG_INFO = YES;
				ONLY_ACTIVE_ARCH = YES;
				SDKROOT = iphoneos;
				SWIFT_ACTIVE_COMPILATION_CONDITIONS = DEBUG;
				SWIFT_OPTIMIZATION_LEVEL = "-Onone";
			};
			name = Debug;
		};
		156FE86A1DC5558200E75CF8 /* Release */ = {
			isa = XCBuildConfiguration;
			buildSettings = {
				ALWAYS_SEARCH_USER_PATHS = NO;
				CLANG_ANALYZER_NONNULL = YES;
				CLANG_CXX_LANGUAGE_STANDARD = "gnu++0x";
				CLANG_CXX_LIBRARY = "libc++";
				CLANG_ENABLE_MODULES = YES;
				CLANG_ENABLE_OBJC_ARC = YES;
				CLANG_WARN_BOOL_CONVERSION = YES;
				CLANG_WARN_CONSTANT_CONVERSION = YES;
				CLANG_WARN_DIRECT_OBJC_ISA_USAGE = YES_ERROR;
				CLANG_WARN_DOCUMENTATION_COMMENTS = YES;
				CLANG_WARN_EMPTY_BODY = YES;
				CLANG_WARN_ENUM_CONVERSION = YES;
				CLANG_WARN_INFINITE_RECURSION = YES;
				CLANG_WARN_INT_CONVERSION = YES;
				CLANG_WARN_OBJC_ROOT_CLASS = YES_ERROR;
				CLANG_WARN_SUSPICIOUS_MOVE = YES;
				CLANG_WARN_SUSPICIOUS_MOVES = YES;
				CLANG_WARN_UNREACHABLE_CODE = YES;
				CLANG_WARN__DUPLICATE_METHOD_MATCH = YES;
				"CODE_SIGN_IDENTITY[sdk=iphoneos*]" = "iPhone Developer";
				COPY_PHASE_STRIP = NO;
				DEBUG_INFORMATION_FORMAT = "dwarf-with-dsym";
				ENABLE_NS_ASSERTIONS = NO;
				ENABLE_STRICT_OBJC_MSGSEND = YES;
				GCC_C_LANGUAGE_STANDARD = gnu99;
				GCC_NO_COMMON_BLOCKS = YES;
				GCC_WARN_64_TO_32_BIT_CONVERSION = YES;
				GCC_WARN_ABOUT_RETURN_TYPE = YES_ERROR;
				GCC_WARN_UNDECLARED_SELECTOR = YES;
				GCC_WARN_UNINITIALIZED_AUTOS = YES_AGGRESSIVE;
				GCC_WARN_UNUSED_FUNCTION = YES;
				GCC_WARN_UNUSED_VARIABLE = YES;
				IPHONEOS_DEPLOYMENT_TARGET = 10.1;
				MTL_ENABLE_DEBUG_INFO = NO;
				SDKROOT = iphoneos;
				SWIFT_OPTIMIZATION_LEVEL = "-Owholemodule";
				VALIDATE_PRODUCT = YES;
			};
			name = Release;
		};
		156FE86C1DC5558200E75CF8 /* Debug */ = {
			isa = XCBuildConfiguration;
			baseConfigurationReference = 1C634A66D4F561961B8020FD /* Pods-esca.debug.xcconfig */;
			buildSettings = {
				ASSETCATALOG_COMPILER_APPICON_NAME = AppIcon;
				CODE_SIGN_ENTITLEMENTS = esca/esca.entitlements;
				DEVELOPMENT_TEAM = RKXT8ZV897;
				FRAMEWORK_SEARCH_PATHS = (
					"$(inherited)",
					"$(PROJECT_DIR)",
				);
				INFOPLIST_FILE = esca/Info.plist;
				LD_RUNPATH_SEARCH_PATHS = "$(inherited) @executable_path/Frameworks";
				PRODUCT_BUNDLE_IDENTIFIER = com.io.esca;
				PRODUCT_NAME = "$(TARGET_NAME)";
				SWIFT_VERSION = 3.0;
			};
			name = Debug;
		};
		156FE86D1DC5558200E75CF8 /* Release */ = {
			isa = XCBuildConfiguration;
			baseConfigurationReference = 9E137C7EB05C51EEC840B52F /* Pods-esca.release.xcconfig */;
			buildSettings = {
				ASSETCATALOG_COMPILER_APPICON_NAME = AppIcon;
				CODE_SIGN_ENTITLEMENTS = esca/esca.entitlements;
				DEVELOPMENT_TEAM = RKXT8ZV897;
				FRAMEWORK_SEARCH_PATHS = (
					"$(inherited)",
					"$(PROJECT_DIR)",
				);
				INFOPLIST_FILE = esca/Info.plist;
				LD_RUNPATH_SEARCH_PATHS = "$(inherited) @executable_path/Frameworks";
				PRODUCT_BUNDLE_IDENTIFIER = com.io.esca;
				PRODUCT_NAME = "$(TARGET_NAME)";
				SWIFT_VERSION = 3.0;
			};
			name = Release;
		};
/* End XCBuildConfiguration section */

/* Begin XCConfigurationList section */
		156FE8541DC5558100E75CF8 /* Build configuration list for PBXProject "esca" */ = {
			isa = XCConfigurationList;
			buildConfigurations = (
				156FE8691DC5558200E75CF8 /* Debug */,
				156FE86A1DC5558200E75CF8 /* Release */,
			);
			defaultConfigurationIsVisible = 0;
			defaultConfigurationName = Release;
		};
		156FE86B1DC5558200E75CF8 /* Build configuration list for PBXNativeTarget "esca" */ = {
			isa = XCConfigurationList;
			buildConfigurations = (
				156FE86C1DC5558200E75CF8 /* Debug */,
				156FE86D1DC5558200E75CF8 /* Release */,
			);
			defaultConfigurationIsVisible = 0;
			defaultConfigurationName = Release;
		};
/* End XCConfigurationList section */
	};
	rootObject = 156FE8511DC5558100E75CF8 /* Project object */;
}
